
Microsoft Visual Studio Solution File, Format Version 12.00
# Visual Studio 14
VisualStudioVersion = 14.0.24720.0
MinimumVisualStudioVersion = 10.0.40219.1
Project("{FAE04EC0-301F-11D3-BF4B-00C04F79EFBC}") = "LC-Compiler", "LC-Compiler\LC-Compiler.csproj", "{64A93E29-0A9C-4E34-8372-CC5192EFF269}"
EndProject
Project("{FAE04EC0-301F-11D3-BF4B-00C04F79EFBC}") = "Lexer", "Lexer\Lexer.csproj", "{3504FF1B-F9F9-41A5-BC2E-142A20C15025}"
EndProject
Project("{FAE04EC0-301F-11D3-BF4B-00C04F79EFBC}") = "RegEx", "RegEx\RegEx.csproj", "{FA842D39-6335-4F80-9A4A-EDE9669F36B1}"
EndProject
Project("{FAE04EC0-301F-11D3-BF4B-00C04F79EFBC}") = "RegExTests", "RegExTests\RegExTests.csproj", "{D918A319-DA77-4F1E-92C4-4B298105F99D}"
EndProject
Project("{FAE04EC0-301F-11D3-BF4B-00C04F79EFBC}") = "Parserc", "Paserc\Parserc.csproj", "{1E1D1782-3FBB-406B-8C1A-1CF5B8CCE76A}"
EndProject
Project("{FAE04EC0-301F-11D3-BF4B-00C04F79EFBC}") = "ParsercTests", "ParsercTests\ParsercTests.csproj", "{4246EE0B-AB96-495A-AA7A-85BC08D891A4}"
EndProject
Global
	GlobalSection(SolutionConfigurationPlatforms) = preSolution
		Debug|Any CPU = Debug|Any CPU
		Release|Any CPU = Release|Any CPU
	EndGlobalSection
	GlobalSection(ProjectConfigurationPlatforms) = postSolution
		{64A93E29-0A9C-4E34-8372-CC5192EFF269}.Debug|Any CPU.ActiveCfg = Debug|Any CPU
		{64A93E29-0A9C-4E34-8372-CC5192EFF269}.Debug|Any CPU.Build.0 = Debug|Any CPU
		{64A93E29-0A9C-4E34-8372-CC5192EFF269}.Release|Any CPU.ActiveCfg = Release|Any CPU
		{64A93E29-0A9C-4E34-8372-CC5192EFF269}.Release|Any CPU.Build.0 = Release|Any CPU
		{3504FF1B-F9F9-41A5-BC2E-142A20C15025}.Debug|Any CPU.ActiveCfg = Debug|Any CPU
		{3504FF1B-F9F9-41A5-BC2E-142A20C15025}.Debug|Any CPU.Build.0 = Debug|Any CPU
		{3504FF1B-F9F9-41A5-BC2E-142A20C15025}.Release|Any CPU.ActiveCfg = Release|Any CPU
		{3504FF1B-F9F9-41A5-BC2E-142A20C15025}.Release|Any CPU.Build.0 = Release|Any CPU
		{FA842D39-6335-4F80-9A4A-EDE9669F36B1}.Debug|Any CPU.ActiveCfg = Debug|Any CPU
		{FA842D39-6335-4F80-9A4A-EDE9669F36B1}.Debug|Any CPU.Build.0 = Debug|Any CPU
		{FA842D39-6335-4F80-9A4A-EDE9669F36B1}.Release|Any CPU.ActiveCfg = Release|Any CPU
		{FA842D39-6335-4F80-9A4A-EDE9669F36B1}.Release|Any CPU.Build.0 = Release|Any CPU
		{D918A319-DA77-4F1E-92C4-4B298105F99D}.Debug|Any CPU.ActiveCfg = Debug|Any CPU
		{D918A319-DA77-4F1E-92C4-4B298105F99D}.Debug|Any CPU.Build.0 = Debug|Any CPU
		{D918A319-DA77-4F1E-92C4-4B298105F99D}.Release|Any CPU.ActiveCfg = Release|Any CPU
		{D918A319-DA77-4F1E-92C4-4B298105F99D}.Release|Any CPU.Build.0 = Release|Any CPU
		{1E1D1782-3FBB-406B-8C1A-1CF5B8CCE76A}.Debug|Any CPU.ActiveCfg = Debug|Any CPU
		{1E1D1782-3FBB-406B-8C1A-1CF5B8CCE76A}.Debug|Any CPU.Build.0 = Debug|Any CPU
		{1E1D1782-3FBB-406B-8C1A-1CF5B8CCE76A}.Release|Any CPU.ActiveCfg = Release|Any CPU
		{1E1D1782-3FBB-406B-8C1A-1CF5B8CCE76A}.Release|Any CPU.Build.0 = Release|Any CPU
		{4246EE0B-AB96-495A-AA7A-85BC08D891A4}.Debug|Any CPU.ActiveCfg = Debug|Any CPU
		{4246EE0B-AB96-495A-AA7A-85BC08D891A4}.Debug|Any CPU.Build.0 = Debug|Any CPU
		{4246EE0B-AB96-495A-AA7A-85BC08D891A4}.Release|Any CPU.ActiveCfg = Release|Any CPU
		{4246EE0B-AB96-495A-AA7A-85BC08D891A4}.Release|Any CPU.Build.0 = Release|Any CPU
	EndGlobalSection
	GlobalSection(SolutionProperties) = preSolution
		HideSolutionNode = FALSE
	EndGlobalSection
EndGlobal
